
Microsoft Visual Studio Solution File, Format Version 12.00
# Visual Studio 15
VisualStudioVersion = 15.0.28010.2016
MinimumVisualStudioVersion = 10.0.40219.1
Project("{FAE04EC0-301F-11D3-BF4B-00C04F79EFBC}") = "MRG-HomeAssignment.Lib", "MRG-HomeAssignment.Lib\MRG-HomeAssignment.Lib.csproj", "{66CDE28D-F552-4241-BB24-C2B8F08205E4}"
EndProject
Global
	GlobalSection(SolutionConfigurationPlatforms) = preSolution
		Debug|Any CPU = Debug|Any CPU
		Release|Any CPU = Release|Any CPU
	EndGlobalSection
	GlobalSection(ProjectConfigurationPlatforms) = postSolution
		{66CDE28D-F552-4241-BB24-C2B8F08205E4}.Debug|Any CPU.ActiveCfg = Debug|Any CPU
		{66CDE28D-F552-4241-BB24-C2B8F08205E4}.Debug|Any CPU.Build.0 = Debug|Any CPU
		{66CDE28D-F552-4241-BB24-C2B8F08205E4}.Release|Any CPU.ActiveCfg = Release|Any CPU
		{66CDE28D-F552-4241-BB24-C2B8F08205E4}.Release|Any CPU.Build.0 = Release|Any CPU
	EndGlobalSection
	GlobalSection(SolutionProperties) = preSolution
		HideSolutionNode = FALSE
	EndGlobalSection
	GlobalSection(ExtensibilityGlobals) = postSolution
		SolutionGuid = {098F750A-790A-4A07-9188-3576ADA73D11}
	EndGlobalSection
EndGlobal
